
Microsoft Visual Studio Solution File, Format Version 10.00
# Visual Studio 2008
Project("{D183A3D8-5FD8-494B-B014-37F57B35E655}") = "Pooling", "Pooling.dtproj", "{3AB2F437-1548-43A1-AB8C-162ECAE5BC89}"
EndProject
Global
	GlobalSection(SolutionConfigurationPlatforms) = preSolution
		Development|Default = Development|Default
	EndGlobalSection
	GlobalSection(ProjectConfigurationPlatforms) = postSolution
		{3AB2F437-1548-43A1-AB8C-162ECAE5BC89}.Development|Default.ActiveCfg = Development
		{3AB2F437-1548-43A1-AB8C-162ECAE5BC89}.Development|Default.Build.0 = Development
	EndGlobalSection
	GlobalSection(SolutionProperties) = preSolution
		HideSolutionNode = FALSE
	EndGlobalSection
EndGlobal
