
Microsoft Visual Studio Solution File, Format Version 10.00
# Visual Studio 2008
Project("{D183A3D8-5FD8-494B-B014-37F57B35E655}") = "MARS_Email_Notification", "MARS_Email_Notification\MARS_Email_Notification.dtproj", "{CBDB5FF1-FD3F-41D2-BF5E-2718C8ACDFC2}"
EndProject
Global
	GlobalSection(SolutionConfigurationPlatforms) = preSolution
		Development|Default = Development|Default
	EndGlobalSection
	GlobalSection(ProjectConfigurationPlatforms) = postSolution
		{CBDB5FF1-FD3F-41D2-BF5E-2718C8ACDFC2}.Development|Default.ActiveCfg = Development
		{CBDB5FF1-FD3F-41D2-BF5E-2718C8ACDFC2}.Development|Default.Build.0 = Development
	EndGlobalSection
	GlobalSection(SolutionProperties) = preSolution
		HideSolutionNode = FALSE
	EndGlobalSection
EndGlobal
