
Microsoft Visual Studio Solution File, Format Version 10.00
# Visual Studio 2008
Project("{D183A3D8-5FD8-494B-B014-37F57B35E655}") = "MARS_Portal_SSIS", "MARS_Portal_SSIS\MARS_Portal_SSIS.dtproj", "{0C33B90E-30EC-4EBB-B75F-27EE951443EE}"
EndProject
Global
	GlobalSection(SolutionConfigurationPlatforms) = preSolution
		Development|Default = Development|Default
	EndGlobalSection
	GlobalSection(ProjectConfigurationPlatforms) = postSolution
		{0C33B90E-30EC-4EBB-B75F-27EE951443EE}.Development|Default.ActiveCfg = Development
		{0C33B90E-30EC-4EBB-B75F-27EE951443EE}.Development|Default.Build.0 = Development
	EndGlobalSection
	GlobalSection(SolutionProperties) = preSolution
		HideSolutionNode = FALSE
	EndGlobalSection
EndGlobal
